// !$*UTF8*$!
{
	archiveVersion = 1;
	classes = {
	};
	objectVersion = 51;
	objects = {

/* Begin PBXBuildFile section */
		4350E9F523D8AE3200099C06 /* AppDelegate.swift in Sources */ = {isa = PBXBuildFile; fileRef = 4350E9F423D8AE3200099C06 /* AppDelegate.swift */; };
		4350E9F723D8AE3200099C06 /* SceneDelegate.swift in Sources */ = {isa = PBXBuildFile; fileRef = 4350E9F623D8AE3200099C06 /* SceneDelegate.swift */; };
		4350E9FC23D8AE3300099C06 /* Main.storyboard in Resources */ = {isa = PBXBuildFile; fileRef = 4350E9FA23D8AE3300099C06 /* Main.storyboard */; };
		4350E9FE23D8AE3400099C06 /* Assets.xcassets in Resources */ = {isa = PBXBuildFile; fileRef = 4350E9FD23D8AE3400099C06 /* Assets.xcassets */; };
		4350EA0123D8AE3400099C06 /* LaunchScreen.storyboard in Resources */ = {isa = PBXBuildFile; fileRef = 4350E9FF23D8AE3400099C06 /* LaunchScreen.storyboard */; };
		4350EA0A23D8B7BE00099C06 /* PapcornsNetworkProvider.swift in Sources */ = {isa = PBXBuildFile; fileRef = 4350EA0923D8B7BE00099C06 /* PapcornsNetworkProvider.swift */; };
		4350EA0C23D8B8F100099C06 /* PapcornsAPIService.swift in Sources */ = {isa = PBXBuildFile; fileRef = 4350EA0B23D8B8F100099C06 /* PapcornsAPIService.swift */; };
		4350EA0F23D8BA1000099C06 /* DSocial.swift in Sources */ = {isa = PBXBuildFile; fileRef = 4350EA0E23D8BA1000099C06 /* DSocial.swift */; };
		4350EA1123D8CA3100099C06 /* DMovie.swift in Sources */ = {isa = PBXBuildFile; fileRef = 4350EA1023D8CA3100099C06 /* DMovie.swift */; };
		4350EA1423D8D73100099C06 /* MainViewController.swift in Sources */ = {isa = PBXBuildFile; fileRef = 4350EA1323D8D73100099C06 /* MainViewController.swift */; };
		4350EA1723D9079900099C06 /* MoviesViewController.swift in Sources */ = {isa = PBXBuildFile; fileRef = 4350EA1623D9079900099C06 /* MoviesViewController.swift */; };
		4350EA1923D907A500099C06 /* SocialViewController.swift in Sources */ = {isa = PBXBuildFile; fileRef = 4350EA1823D907A500099C06 /* SocialViewController.swift */; };
		4350EA1D23D90C8A00099C06 /* SocialPostTableViewCell.swift in Sources */ = {isa = PBXBuildFile; fileRef = 4350EA1B23D90C8A00099C06 /* SocialPostTableViewCell.swift */; };
		4350EA1E23D90C8A00099C06 /* SocialPostTableViewCell.xib in Resources */ = {isa = PBXBuildFile; fileRef = 4350EA1C23D90C8A00099C06 /* SocialPostTableViewCell.xib */; };
		4350EA2023DA12CA00099C06 /* extentions.swift in Sources */ = {isa = PBXBuildFile; fileRef = 4350EA1F23DA12CA00099C06 /* extentions.swift */; };
		43C0DC0F23DB41D800FBE772 /* MovieCollectionViewCell.swift in Sources */ = {isa = PBXBuildFile; fileRef = 43C0DC0D23DB41D800FBE772 /* MovieCollectionViewCell.swift */; };
		43C0DC1023DB41D800FBE772 /* MovieCollectionViewCell.xib in Resources */ = {isa = PBXBuildFile; fileRef = 43C0DC0E23DB41D800FBE772 /* MovieCollectionViewCell.xib */; };
		8717348AE919916E35147A84 /* Pods_PapcornsMovie.framework in Frameworks */ = {isa = PBXBuildFile; fileRef = A7D4242B507F400FEE3FF180 /* Pods_PapcornsMovie.framework */; };
/* End PBXBuildFile section */

/* Begin PBXFileReference section */
		32E7C8397DEE51E96F498542 /* Pods-PapcornsMovie.release.xcconfig */ = {isa = PBXFileReference; includeInIndex = 1; lastKnownFileType = text.xcconfig; name = "Pods-PapcornsMovie.release.xcconfig"; path = "Target Support Files/Pods-PapcornsMovie/Pods-PapcornsMovie.release.xcconfig"; sourceTree = "<group>"; };
		4350E9F123D8AE3200099C06 /* PapcornsMovie.app */ = {isa = PBXFileReference; explicitFileType = wrapper.application; includeInIndex = 0; path = PapcornsMovie.app; sourceTree = BUILT_PRODUCTS_DIR; };
		4350E9F423D8AE3200099C06 /* AppDelegate.swift */ = {isa = PBXFileReference; lastKnownFileType = sourcecode.swift; path = AppDelegate.swift; sourceTree = "<group>"; };
		4350E9F623D8AE3200099C06 /* SceneDelegate.swift */ = {isa = PBXFileReference; lastKnownFileType = sourcecode.swift; path = SceneDelegate.swift; sourceTree = "<group>"; };
		4350E9FB23D8AE3300099C06 /* Base */ = {isa = PBXFileReference; lastKnownFileType = file.storyboard; name = Base; path = Base.lproj/Main.storyboard; sourceTree = "<group>"; };
		4350E9FD23D8AE3400099C06 /* Assets.xcassets */ = {isa = PBXFileReference; lastKnownFileType = folder.assetcatalog; path = Assets.xcassets; sourceTree = "<group>"; };
		4350EA0023D8AE3400099C06 /* Base */ = {isa = PBXFileReference; lastKnownFileType = file.storyboard; name = Base; path = Base.lproj/LaunchScreen.storyboard; sourceTree = "<group>"; };
		4350EA0223D8AE3400099C06 /* Info.plist */ = {isa = PBXFileReference; lastKnownFileType = text.plist.xml; path = Info.plist; sourceTree = "<group>"; };
		4350EA0923D8B7BE00099C06 /* PapcornsNetworkProvider.swift */ = {isa = PBXFileReference; lastKnownFileType = sourcecode.swift; path = PapcornsNetworkProvider.swift; sourceTree = "<group>"; };
		4350EA0B23D8B8F100099C06 /* PapcornsAPIService.swift */ = {isa = PBXFileReference; lastKnownFileType = sourcecode.swift; path = PapcornsAPIService.swift; sourceTree = "<group>"; };
		4350EA0E23D8BA1000099C06 /* DSocial.swift */ = {isa = PBXFileReference; lastKnownFileType = sourcecode.swift; path = DSocial.swift; sourceTree = "<group>"; };
		4350EA1023D8CA3100099C06 /* DMovie.swift */ = {isa = PBXFileReference; lastKnownFileType = sourcecode.swift; path = DMovie.swift; sourceTree = "<group>"; };
		4350EA1323D8D73100099C06 /* MainViewController.swift */ = {isa = PBXFileReference; lastKnownFileType = sourcecode.swift; path = MainViewController.swift; sourceTree = "<group>"; };
		4350EA1623D9079900099C06 /* MoviesViewController.swift */ = {isa = PBXFileReference; lastKnownFileType = sourcecode.swift; path = MoviesViewController.swift; sourceTree = "<group>"; };
		4350EA1823D907A500099C06 /* SocialViewController.swift */ = {isa = PBXFileReference; lastKnownFileType = sourcecode.swift; path = SocialViewController.swift; sourceTree = "<group>"; };
		4350EA1B23D90C8A00099C06 /* SocialPostTableViewCell.swift */ = {isa = PBXFileReference; lastKnownFileType = sourcecode.swift; path = SocialPostTableViewCell.swift; sourceTree = "<group>"; };
		4350EA1C23D90C8A00099C06 /* SocialPostTableViewCell.xib */ = {isa = PBXFileReference; lastKnownFileType = file.xib; path = SocialPostTableViewCell.xib; sourceTree = "<group>"; };
		4350EA1F23DA12CA00099C06 /* extentions.swift */ = {isa = PBXFileReference; lastKnownFileType = sourcecode.swift; path = extentions.swift; sourceTree = "<group>"; };
		43C0DC0D23DB41D800FBE772 /* MovieCollectionViewCell.swift */ = {isa = PBXFileReference; lastKnownFileType = sourcecode.swift; path = MovieCollectionViewCell.swift; sourceTree = "<group>"; };
		43C0DC0E23DB41D800FBE772 /* MovieCollectionViewCell.xib */ = {isa = PBXFileReference; lastKnownFileType = file.xib; path = MovieCollectionViewCell.xib; sourceTree = "<group>"; };
		A7D4242B507F400FEE3FF180 /* Pods_PapcornsMovie.framework */ = {isa = PBXFileReference; explicitFileType = wrapper.framework; includeInIndex = 0; path = Pods_PapcornsMovie.framework; sourceTree = BUILT_PRODUCTS_DIR; };
		BAD5FAFA9F8E444E042FA5E6 /* Pods-PapcornsMovie.debug.xcconfig */ = {isa = PBXFileReference; includeInIndex = 1; lastKnownFileType = text.xcconfig; name = "Pods-PapcornsMovie.debug.xcconfig"; path = "Target Support Files/Pods-PapcornsMovie/Pods-PapcornsMovie.debug.xcconfig"; sourceTree = "<group>"; };
/* End PBXFileReference section */

/* Begin PBXFrameworksBuildPhase section */
		4350E9EE23D8AE3200099C06 /* Frameworks */ = {
			isa = PBXFrameworksBuildPhase;
			buildActionMask = 2147483647;
			files = (
				8717348AE919916E35147A84 /* Pods_PapcornsMovie.framework in Frameworks */,
			);
			runOnlyForDeploymentPostprocessing = 0;
		};
/* End PBXFrameworksBuildPhase section */

/* Begin PBXGroup section */
		41B0EF22DDDC1FBF28C41CD4 /* Pods */ = {
			isa = PBXGroup;
			children = (
				BAD5FAFA9F8E444E042FA5E6 /* Pods-PapcornsMovie.debug.xcconfig */,
				32E7C8397DEE51E96F498542 /* Pods-PapcornsMovie.release.xcconfig */,
			);
			path = Pods;
			sourceTree = "<group>";
		};
		4350E9E823D8AE3200099C06 = {
			isa = PBXGroup;
			children = (
				4350E9F323D8AE3200099C06 /* PapcornsMovie */,
				4350E9F223D8AE3200099C06 /* Products */,
				41B0EF22DDDC1FBF28C41CD4 /* Pods */,
				C1E9FC3E075CD79596FE7B6A /* Frameworks */,
			);
			sourceTree = "<group>";
		};
		4350E9F223D8AE3200099C06 /* Products */ = {
			isa = PBXGroup;
			children = (
				4350E9F123D8AE3200099C06 /* PapcornsMovie.app */,
			);
			name = Products;
			sourceTree = "<group>";
		};
		4350E9F323D8AE3200099C06 /* PapcornsMovie */ = {
			isa = PBXGroup;
			children = (
				4350EA0D23D8B9CB00099C06 /* Model */,
				4350EA1A23D907E600099C06 /* View */,
				4350EA1523D9074800099C06 /* Controller */,
				4350EA0823D8B79E00099C06 /* Network */,
				4350E9F423D8AE3200099C06 /* AppDelegate.swift */,
				4350E9F623D8AE3200099C06 /* SceneDelegate.swift */,
				4350E9FA23D8AE3300099C06 /* Main.storyboard */,
				4350E9FD23D8AE3400099C06 /* Assets.xcassets */,
				4350E9FF23D8AE3400099C06 /* LaunchScreen.storyboard */,
				4350EA0223D8AE3400099C06 /* Info.plist */,
			);
			path = PapcornsMovie;
			sourceTree = "<group>";
		};
		4350EA0823D8B79E00099C06 /* Network */ = {
			isa = PBXGroup;
			children = (
				4350EA0923D8B7BE00099C06 /* PapcornsNetworkProvider.swift */,
				4350EA0B23D8B8F100099C06 /* PapcornsAPIService.swift */,
			);
			path = Network;
			sourceTree = "<group>";
		};
		4350EA0D23D8B9CB00099C06 /* Model */ = {
			isa = PBXGroup;
			children = (
				4350EA0E23D8BA1000099C06 /* DSocial.swift */,
				4350EA1023D8CA3100099C06 /* DMovie.swift */,
			);
			path = Model;
			sourceTree = "<group>";
		};
		4350EA1523D9074800099C06 /* Controller */ = {
			isa = PBXGroup;
			children = (
				4350EA1323D8D73100099C06 /* MainViewController.swift */,
				4350EA1623D9079900099C06 /* MoviesViewController.swift */,
				4350EA1823D907A500099C06 /* SocialViewController.swift */,
			);
			path = Controller;
			sourceTree = "<group>";
		};
		4350EA1A23D907E600099C06 /* View */ = {
			isa = PBXGroup;
			children = (
				4350EA1B23D90C8A00099C06 /* SocialPostTableViewCell.swift */,
				4350EA1C23D90C8A00099C06 /* SocialPostTableViewCell.xib */,
				4350EA1F23DA12CA00099C06 /* extentions.swift */,
				43C0DC0D23DB41D800FBE772 /* MovieCollectionViewCell.swift */,
				43C0DC0E23DB41D800FBE772 /* MovieCollectionViewCell.xib */,
			);
			path = View;
			sourceTree = "<group>";
		};
		C1E9FC3E075CD79596FE7B6A /* Frameworks */ = {
			isa = PBXGroup;
			children = (
				A7D4242B507F400FEE3FF180 /* Pods_PapcornsMovie.framework */,
			);
			name = Frameworks;
			sourceTree = "<group>";
		};
/* End PBXGroup section */

/* Begin PBXNativeTarget section */
		4350E9F023D8AE3200099C06 /* PapcornsMovie */ = {
			isa = PBXNativeTarget;
			buildConfigurationList = 4350EA0523D8AE3400099C06 /* Build configuration list for PBXNativeTarget "PapcornsMovie" */;
			buildPhases = (
				92B9643D95058CF4F1FED4E9 /* [CP] Check Pods Manifest.lock */,
				4350E9ED23D8AE3200099C06 /* Sources */,
				4350E9EE23D8AE3200099C06 /* Frameworks */,
				4350E9EF23D8AE3200099C06 /* Resources */,
				3C412F7CBE4B49A7FE979529 /* [CP] Embed Pods Frameworks */,
			);
			buildRules = (
			);
			dependencies = (
			);
			name = PapcornsMovie;
			productName = PapcornsMovie;
			productReference = 4350E9F123D8AE3200099C06 /* PapcornsMovie.app */;
			productType = "com.apple.product-type.application";
		};
/* End PBXNativeTarget section */

/* Begin PBXProject section */
		4350E9E923D8AE3200099C06 /* Project object */ = {
			isa = PBXProject;
			attributes = {
				LastSwiftUpdateCheck = 1120;
				LastUpgradeCheck = 1120;
				ORGANIZATIONNAME = Bahrami;
				TargetAttributes = {
					4350E9F023D8AE3200099C06 = {
						CreatedOnToolsVersion = 11.2.1;
					};
				};
			};
			buildConfigurationList = 4350E9EC23D8AE3200099C06 /* Build configuration list for PBXProject "PapcornsMovie" */;
			compatibilityVersion = "Xcode 9.3";
			developmentRegion = en;
			hasScannedForEncodings = 0;
			knownRegions = (
				en,
				Base,
			);
			mainGroup = 4350E9E823D8AE3200099C06;
			productRefGroup = 4350E9F223D8AE3200099C06 /* Products */;
			projectDirPath = "";
			projectRoot = "";
			targets = (
				4350E9F023D8AE3200099C06 /* PapcornsMovie */,
			);
		};
/* End PBXProject section */

/* Begin PBXResourcesBuildPhase section */
		4350E9EF23D8AE3200099C06 /* Resources */ = {
			isa = PBXResourcesBuildPhase;
			buildActionMask = 2147483647;
			files = (
				43C0DC1023DB41D800FBE772 /* MovieCollectionViewCell.xib in Resources */,
				4350EA0123D8AE3400099C06 /* LaunchScreen.storyboard in Resources */,
				4350E9FE23D8AE3400099C06 /* Assets.xcassets in Resources */,
				4350EA1E23D90C8A00099C06 /* SocialPostTableViewCell.xib in Resources */,
				4350E9FC23D8AE3300099C06 /* Main.storyboard in Resources */,
			);
			runOnlyForDeploymentPostprocessing = 0;
		};
/* End PBXResourcesBuildPhase section */

/* Begin PBXShellScriptBuildPhase section */
		3C412F7CBE4B49A7FE979529 /* [CP] Embed Pods Frameworks */ = {
			isa = PBXShellScriptBuildPhase;
			buildActionMask = 2147483647;
			files = (
			);
			inputFileListPaths = (
				"${PODS_ROOT}/Target Support Files/Pods-PapcornsMovie/Pods-PapcornsMovie-frameworks-${CONFIGURATION}-input-files.xcfilelist",
			);
			name = "[CP] Embed Pods Frameworks";
			outputFileListPaths = (
				"${PODS_ROOT}/Target Support Files/Pods-PapcornsMovie/Pods-PapcornsMovie-frameworks-${CONFIGURATION}-output-files.xcfilelist",
			);
			runOnlyForDeploymentPostprocessing = 0;
			shellPath = /bin/sh;
			shellScript = "\"${PODS_ROOT}/Target Support Files/Pods-PapcornsMovie/Pods-PapcornsMovie-frameworks.sh\"\n";
			showEnvVarsInLog = 0;
		};
		92B9643D95058CF4F1FED4E9 /* [CP] Check Pods Manifest.lock */ = {
			isa = PBXShellScriptBuildPhase;
			buildActionMask = 2147483647;
			files = (
			);
			inputFileListPaths = (
			);
			inputPaths = (
				"${PODS_PODFILE_DIR_PATH}/Podfile.lock",
				"${PODS_ROOT}/Manifest.lock",
			);
			name = "[CP] Check Pods Manifest.lock";
			outputFileListPaths = (
			);
			outputPaths = (
				"$(DERIVED_FILE_DIR)/Pods-PapcornsMovie-checkManifestLockResult.txt",
			);
			runOnlyForDeploymentPostprocessing = 0;
			shellPath = /bin/sh;
			shellScript = "diff \"${PODS_PODFILE_DIR_PATH}/Podfile.lock\" \"${PODS_ROOT}/Manifest.lock\" > /dev/null\nif [ $? != 0 ] ; then\n    # print error to STDERR\n    echo \"error: The sandbox is not in sync with the Podfile.lock. Run 'pod install' or update your CocoaPods installation.\" >&2\n    exit 1\nfi\n# This output is used by Xcode 'outputs' to avoid re-running this script phase.\necho \"SUCCESS\" > \"${SCRIPT_OUTPUT_FILE_0}\"\n";
			showEnvVarsInLog = 0;
		};
/* End PBXShellScriptBuildPhase section */

/* Begin PBXSourcesBuildPhase section */
		4350E9ED23D8AE3200099C06 /* Sources */ = {
			isa = PBXSourcesBuildPhase;
			buildActionMask = 2147483647;
			files = (
				4350EA0F23D8BA1000099C06 /* DSocial.swift in Sources */,
				4350E9F523D8AE3200099C06 /* AppDelegate.swift in Sources */,
				4350E9F723D8AE3200099C06 /* SceneDelegate.swift in Sources */,
				43C0DC0F23DB41D800FBE772 /* MovieCollectionViewCell.swift in Sources */,
				4350EA1123D8CA3100099C06 /* DMovie.swift in Sources */,
				4350EA0C23D8B8F100099C06 /* PapcornsAPIService.swift in Sources */,
				4350EA0A23D8B7BE00099C06 /* PapcornsNetworkProvider.swift in Sources */,
				4350EA1923D907A500099C06 /* SocialViewController.swift in Sources */,
				4350EA1423D8D73100099C06 /* MainViewController.swift in Sources */,
				4350EA2023DA12CA00099C06 /* extentions.swift in Sources */,
				4350EA1723D9079900099C06 /* MoviesViewController.swift in Sources */,
				4350EA1D23D90C8A00099C06 /* SocialPostTableViewCell.swift in Sources */,
			);
			runOnlyForDeploymentPostprocessing = 0;
		};
/* End PBXSourcesBuildPhase section */

/* Begin PBXVariantGroup section */
		4350E9FA23D8AE3300099C06 /* Main.storyboard */ = {
			isa = PBXVariantGroup;
			children = (
				4350E9FB23D8AE3300099C06 /* Base */,
			);
			name = Main.storyboard;
			sourceTree = "<group>";
		};
		4350E9FF23D8AE3400099C06 /* LaunchScreen.storyboard */ = {
			isa = PBXVariantGroup;
			children = (
				4350EA0023D8AE3400099C06 /* Base */,
			);
			name = LaunchScreen.storyboard;
			sourceTree = "<group>";
		};
/* End PBXVariantGroup section */

/* Begin XCBuildConfiguration section */
		4350EA0323D8AE3400099C06 /* Debug */ = {
			isa = XCBuildConfiguration;
			buildSettings = {
				ALWAYS_SEARCH_USER_PATHS = NO;
				CLANG_ANALYZER_NONNULL = YES;
				CLANG_ANALYZER_NUMBER_OBJECT_CONVERSION = YES_AGGRESSIVE;
				CLANG_CXX_LANGUAGE_STANDARD = "gnu++14";
				CLANG_CXX_LIBRARY = "libc++";
				CLANG_ENABLE_MODULES = YES;
				CLANG_ENABLE_OBJC_ARC = YES;
				CLANG_ENABLE_OBJC_WEAK = YES;
				CLANG_WARN_BLOCK_CAPTURE_AUTORELEASING = YES;
				CLANG_WARN_BOOL_CONVERSION = YES;
				CLANG_WARN_COMMA = YES;
				CLANG_WARN_CONSTANT_CONVERSION = YES;
				CLANG_WARN_DEPRECATED_OBJC_IMPLEMENTATIONS = YES;
				CLANG_WARN_DIRECT_OBJC_ISA_USAGE = YES_ERROR;
				CLANG_WARN_DOCUMENTATION_COMMENTS = YES;
				CLANG_WARN_EMPTY_BODY = YES;
				CLANG_WARN_ENUM_CONVERSION = YES;
				CLANG_WARN_INFINITE_RECURSION = YES;
				CLANG_WARN_INT_CONVERSION = YES;
				CLANG_WARN_NON_LITERAL_NULL_CONVERSION = YES;
				CLANG_WARN_OBJC_IMPLICIT_RETAIN_SELF = YES;
				CLANG_WARN_OBJC_LITERAL_CONVERSION = YES;
				CLANG_WARN_OBJC_ROOT_CLASS = YES_ERROR;
				CLANG_WARN_RANGE_LOOP_ANALYSIS = YES;
				CLANG_WARN_STRICT_PROTOTYPES = YES;
				CLANG_WARN_SUSPICIOUS_MOVE = YES;
				CLANG_WARN_UNGUARDED_AVAILABILITY = YES_AGGRESSIVE;
				CLANG_WARN_UNREACHABLE_CODE = YES;
				CLANG_WARN__DUPLICATE_METHOD_MATCH = YES;
				COPY_PHASE_STRIP = NO;
				DEBUG_INFORMATION_FORMAT = dwarf;
				ENABLE_STRICT_OBJC_MSGSEND = YES;
				ENABLE_TESTABILITY = YES;
				GCC_C_LANGUAGE_STANDARD = gnu11;
				GCC_DYNAMIC_NO_PIC = NO;
				GCC_NO_COMMON_BLOCKS = YES;
				GCC_OPTIMIZATION_LEVEL = 0;
				GCC_PREPROCESSOR_DEFINITIONS = (
					"DEBUG=1",
					"$(inherited)",
				);
				GCC_WARN_64_TO_32_BIT_CONVERSION = YES;
				GCC_WARN_ABOUT_RETURN_TYPE = YES_ERROR;
				GCC_WARN_UNDECLARED_SELECTOR = YES;
				GCC_WARN_UNINITIALIZED_AUTOS = YES_AGGRESSIVE;
				GCC_WARN_UNUSED_FUNCTION = YES;
				GCC_WARN_UNUSED_VARIABLE = YES;
				IPHONEOS_DEPLOYMENT_TARGET = 13.2;
				MTL_ENABLE_DEBUG_INFO = INCLUDE_SOURCE;
				MTL_FAST_MATH = YES;
				ONLY_ACTIVE_ARCH = YES;
				SDKROOT = iphoneos;
				SWIFT_ACTIVE_COMPILATION_CONDITIONS = DEBUG;
				SWIFT_OPTIMIZATION_LEVEL = "-Onone";
			};
			name = Debug;
		};
		4350EA0423D8AE3400099C06 /* Release */ = {
			isa = XCBuildConfiguration;
			buildSettings = {
				ALWAYS_SEARCH_USER_PATHS = NO;
				CLANG_ANALYZER_NONNULL = YES;
				CLANG_ANALYZER_NUMBER_OBJECT_CONVERSION = YES_AGGRESSIVE;
				CLANG_CXX_LANGUAGE_STANDARD = "gnu++14";
				CLANG_CXX_LIBRARY = "libc++";
				CLANG_ENABLE_MODULES = YES;
				CLANG_ENABLE_OBJC_ARC = YES;
				CLANG_ENABLE_OBJC_WEAK = YES;
				CLANG_WARN_BLOCK_CAPTURE_AUTORELEASING = YES;
				CLANG_WARN_BOOL_CONVERSION = YES;
				CLANG_WARN_COMMA = YES;
				CLANG_WARN_CONSTANT_CONVERSION = YES;
				CLANG_WARN_DEPRECATED_OBJC_IMPLEMENTATIONS = YES;
				CLANG_WARN_DIRECT_OBJC_ISA_USAGE = YES_ERROR;
				CLANG_WARN_DOCUMENTATION_COMMENTS = YES;
				CLANG_WARN_EMPTY_BODY = YES;
				CLANG_WARN_ENUM_CONVERSION = YES;
				CLANG_WARN_INFINITE_RECURSION = YES;
				CLANG_WARN_INT_CONVERSION = YES;
				CLANG_WARN_NON_LITERAL_NULL_CONVERSION = YES;
				CLANG_WARN_OBJC_IMPLICIT_RETAIN_SELF = YES;
				CLANG_WARN_OBJC_LITERAL_CONVERSION = YES;
				CLANG_WARN_OBJC_ROOT_CLASS = YES_ERROR;
				CLANG_WARN_RANGE_LOOP_ANALYSIS = YES;
				CLANG_WARN_STRICT_PROTOTYPES = YES;
				CLANG_WARN_SUSPICIOUS_MOVE = YES;
				CLANG_WARN_UNGUARDED_AVAILABILITY = YES_AGGRESSIVE;
				CLANG_WARN_UNREACHABLE_CODE = YES;
				CLANG_WARN__DUPLICATE_METHOD_MATCH = YES;
				COPY_PHASE_STRIP = NO;
				DEBUG_INFORMATION_FORMAT = "dwarf-with-dsym";
				ENABLE_NS_ASSERTIONS = NO;
				ENABLE_STRICT_OBJC_MSGSEND = YES;
				GCC_C_LANGUAGE_STANDARD = gnu11;
				GCC_NO_COMMON_BLOCKS = YES;
				GCC_WARN_64_TO_32_BIT_CONVERSION = YES;
				GCC_WARN_ABOUT_RETURN_TYPE = YES_ERROR;
				GCC_WARN_UNDECLARED_SELECTOR = YES;
				GCC_WARN_UNINITIALIZED_AUTOS = YES_AGGRESSIVE;
				GCC_WARN_UNUSED_FUNCTION = YES;
				GCC_WARN_UNUSED_VARIABLE = YES;
				IPHONEOS_DEPLOYMENT_TARGET = 13.2;
				MTL_ENABLE_DEBUG_INFO = NO;
				MTL_FAST_MATH = YES;
				SDKROOT = iphoneos;
				SWIFT_COMPILATION_MODE = wholemodule;
				SWIFT_OPTIMIZATION_LEVEL = "-O";
				VALIDATE_PRODUCT = YES;
			};
			name = Release;
		};
		4350EA0623D8AE3400099C06 /* Debug */ = {
			isa = XCBuildConfiguration;
			baseConfigurationReference = BAD5FAFA9F8E444E042FA5E6 /* Pods-PapcornsMovie.debug.xcconfig */;
			buildSettings = {
				ASSETCATALOG_COMPILER_APPICON_NAME = AppIcon;
				CODE_SIGN_STYLE = Automatic;
				DEVELOPMENT_TEAM = G6F4VU669F;
				INFOPLIST_FILE = PapcornsMovie/Info.plist;
				LD_RUNPATH_SEARCH_PATHS = (
					"$(inherited)",
					"@executable_path/Frameworks",
				);
				PRODUCT_BUNDLE_IDENTIFIER = me.bahrami.apps.PapcornsMovie;
				PRODUCT_NAME = "$(TARGET_NAME)";
				SWIFT_VERSION = 5.0;
				TARGETED_DEVICE_FAMILY = "1,2";
			};
			name = Debug;
		};
		4350EA0723D8AE3400099C06 /* Release */ = {
			isa = XCBuildConfiguration;
			baseConfigurationReference = 32E7C8397DEE51E96F498542 /* Pods-PapcornsMovie.release.xcconfig */;
			buildSettings = {
				ASSETCATALOG_COMPILER_APPICON_NAME = AppIcon;
				CODE_SIGN_STYLE = Automatic;
				DEVELOPMENT_TEAM = G6F4VU669F;
				INFOPLIST_FILE = PapcornsMovie/Info.plist;
				LD_RUNPATH_SEARCH_PATHS = (
					"$(inherited)",
					"@executable_path/Frameworks",
				);
				PRODUCT_BUNDLE_IDENTIFIER = me.bahrami.apps.PapcornsMovie;
				PRODUCT_NAME = "$(TARGET_NAME)";
				SWIFT_VERSION = 5.0;
				TARGETED_DEVICE_FAMILY = "1,2";
			};
			name = Release;
		};
/* End XCBuildConfiguration section */

/* Begin XCConfigurationList section */
		4350E9EC23D8AE3200099C06 /* Build configuration list for PBXProject "PapcornsMovie" */ = {
			isa = XCConfigurationList;
			buildConfigurations = (
				4350EA0323D8AE3400099C06 /* Debug */,
				4350EA0423D8AE3400099C06 /* Release */,
			);
			defaultConfigurationIsVisible = 0;
			defaultConfigurationName = Release;
		};
		4350EA0523D8AE3400099C06 /* Build configuration list for PBXNativeTarget "PapcornsMovie" */ = {
			isa = XCConfigurationList;
			buildConfigurations = (
				4350EA0623D8AE3400099C06 /* Debug */,
				4350EA0723D8AE3400099C06 /* Release */,
			);
			defaultConfigurationIsVisible = 0;
			defaultConfigurationName = Release;
		};
/* End XCConfigurationList section */
	};
	rootObject = 4350E9E923D8AE3200099C06 /* Project object */;
}
